
Microsoft Visual Studio Solution File, Format Version 12.00
# Visual Studio 2012
Project("{FAE04EC0-301F-11D3-BF4B-00C04F79EFBC}") = "TestConsole", "TestConsole\TestConsole.csproj", "{1EC270D1-3B2B-4440-9DAA-6B73FB3A7D7E}"
EndProject
Global
	GlobalSection(SolutionConfigurationPlatforms) = preSolution
		Debug|Any CPU = Debug|Any CPU
		Release|Any CPU = Release|Any CPU
	EndGlobalSection
	GlobalSection(ProjectConfigurationPlatforms) = postSolution
		{1EC270D1-3B2B-4440-9DAA-6B73FB3A7D7E}.Debug|Any CPU.ActiveCfg = Debug|Any CPU
		{1EC270D1-3B2B-4440-9DAA-6B73FB3A7D7E}.Debug|Any CPU.Build.0 = Debug|Any CPU
		{1EC270D1-3B2B-4440-9DAA-6B73FB3A7D7E}.Release|Any CPU.ActiveCfg = Release|Any CPU
		{1EC270D1-3B2B-4440-9DAA-6B73FB3A7D7E}.Release|Any CPU.Build.0 = Release|Any CPU
	EndGlobalSection
	GlobalSection(SolutionProperties) = preSolution
		HideSolutionNode = FALSE
	EndGlobalSection
EndGlobal
